
Microsoft Visual Studio Solution File, Format Version 12.00
# Visual Studio 15
VisualStudioVersion = 15.0.28307.1062
MinimumVisualStudioVersion = 10.0.40219.1
Project("{8BC9CEB8-8B4A-11D0-8D11-00A0C91BC942}") = "Polygon", "Polygon\Polygon.vcxproj", "{59571F88-E1C9-42B1-8038-D41294BCADD0}"
EndProject
Global
	GlobalSection(SolutionConfigurationPlatforms) = preSolution
		Debug|x64 = Debug|x64
		Debug|x86 = Debug|x86
		Release|x64 = Release|x64
		Release|x86 = Release|x86
	EndGlobalSection
	GlobalSection(ProjectConfigurationPlatforms) = postSolution
		{59571F88-E1C9-42B1-8038-D41294BCADD0}.Debug|x64.ActiveCfg = Debug|x64
		{59571F88-E1C9-42B1-8038-D41294BCADD0}.Debug|x64.Build.0 = Debug|x64
		{59571F88-E1C9-42B1-8038-D41294BCADD0}.Debug|x86.ActiveCfg = Debug|Win32
		{59571F88-E1C9-42B1-8038-D41294BCADD0}.Debug|x86.Build.0 = Debug|Win32
		{59571F88-E1C9-42B1-8038-D41294BCADD0}.Release|x64.ActiveCfg = Release|x64
		{59571F88-E1C9-42B1-8038-D41294BCADD0}.Release|x64.Build.0 = Release|x64
		{59571F88-E1C9-42B1-8038-D41294BCADD0}.Release|x86.ActiveCfg = Release|Win32
		{59571F88-E1C9-42B1-8038-D41294BCADD0}.Release|x86.Build.0 = Release|Win32
	EndGlobalSection
	GlobalSection(SolutionProperties) = preSolution
		HideSolutionNode = FALSE
	EndGlobalSection
	GlobalSection(ExtensibilityGlobals) = postSolution
		SolutionGuid = {7F9406F5-4144-4708-8BE2-C1EC01095336}
	EndGlobalSection
EndGlobal
